
Microsoft Visual Studio Solution File, Format Version 12.00
# Visual Studio Version 17
VisualStudioVersion = 17.7.34221.43
MinimumVisualStudioVersion = 10.0.40219.1
Project("{FAE04EC0-301F-11D3-BF4B-00C04F79EFBC}") = "PCS_NEW", "PCS_NEW\PCS_NEW.csproj", "{CBA2F00D-50FE-4524-89E0-FBD2F2A5ADCD}"
EndProject
Global
	GlobalSection(SolutionConfigurationPlatforms) = preSolution
		Debug|Any CPU = Debug|Any CPU
		Release|Any CPU = Release|Any CPU
	EndGlobalSection
	GlobalSection(ProjectConfigurationPlatforms) = postSolution
		{CBA2F00D-50FE-4524-89E0-FBD2F2A5ADCD}.Debug|Any CPU.ActiveCfg = Debug|Any CPU
		{CBA2F00D-50FE-4524-89E0-FBD2F2A5ADCD}.Debug|Any CPU.Build.0 = Debug|Any CPU
		{CBA2F00D-50FE-4524-89E0-FBD2F2A5ADCD}.Release|Any CPU.ActiveCfg = Release|Any CPU
		{CBA2F00D-50FE-4524-89E0-FBD2F2A5ADCD}.Release|Any CPU.Build.0 = Release|Any CPU
	EndGlobalSection
	GlobalSection(SolutionProperties) = preSolution
		HideSolutionNode = FALSE
	EndGlobalSection
	GlobalSection(ExtensibilityGlobals) = postSolution
		SolutionGuid = {3003B936-A308-45A5-9AB8-2120241622E2}
	EndGlobalSection
EndGlobal
